
Microsoft Visual Studio Solution File, Format Version 12.00
# Visual Studio 2013
VisualStudioVersion = 12.0.31101.0
MinimumVisualStudioVersion = 10.0.40219.1
Project("{2150E333-8FDC-42A3-9474-1A3956D46DE8}") = "Clients", "Clients", "{2B7202BB-0938-4BB7-88DE-1121353C0576}"
EndProject
Project("{2150E333-8FDC-42A3-9474-1A3956D46DE8}") = "Servers", "Servers", "{0ACFC22F-2D26-497B-BA34-7B3FA84E5C93}"
EndProject
Project("{FAE04EC0-301F-11D3-BF4B-00C04F79EFBC}") = "Rememba.Contracts", "Rememba.Contracts\Rememba.Contracts.csproj", "{81AFD6AC-5387-4803-B468-A69A5C5C553B}"
EndProject
Project("{FAE04EC0-301F-11D3-BF4B-00C04F79EFBC}") = "Rememba.Model", "Rememba.Model\Rememba.Model.csproj", "{24F3F5D6-44E7-46AE-81FA-96A829587AE9}"
EndProject
Project("{FAE04EC0-301F-11D3-BF4B-00C04F79EFBC}") = "Rememba.Repositories.Windows", "Rememba.Repositories.Windows\Rememba.Repositories.Windows.csproj", "{6AAC1823-84AC-4266-BF49-C89D78B8C547}"
EndProject
Project("{FAE04EC0-301F-11D3-BF4B-00C04F79EFBC}") = "Rememba.Service.Windows", "Rememba.Service.Windows\Rememba.Service.Windows.csproj", "{76583DFB-B242-4F57-817B-E9A8DBAA3DD4}"
EndProject
Project("{FAE04EC0-301F-11D3-BF4B-00C04F79EFBC}") = "Rememba.SharedPCL", "Rememba.Shared\Rememba.SharedPCL.csproj", "{C8FB71D7-34C6-400C-968A-7F29F3EA1074}"
EndProject
Project("{FAE04EC0-301F-11D3-BF4B-00C04F79EFBC}") = "Rememba.Shared.Windows", "Rememba.Shared.Windows\Rememba.Shared.Windows.csproj", "{4B06AE92-F502-4069-B2B1-EA1176917078}"
EndProject
Project("{FAE04EC0-301F-11D3-BF4B-00C04F79EFBC}") = "Rememba.ViewModels.Windows", "Rememba.ViewModels.Windows\Rememba.ViewModels.Windows.csproj", "{0F3509C3-79BA-47CF-9580-E7E39F449D59}"
EndProject
Project("{FAE04EC0-301F-11D3-BF4B-00C04F79EFBC}") = "NotificationsExtensions", "NotificationsExtensions\NotificationsExtensions.csproj", "{6E87464B-B064-40CA-8161-7C18C337ADFF}"
EndProject
Project("{2150E333-8FDC-42A3-9474-1A3956D46DE8}") = "Rememba.Windows", "Rememba.Windows", "{1F1BA2E3-BB4F-45A1-B6F7-BCCAD14FC501}"
EndProject
Project("{D954291E-2A0B-460D-934E-DC6B0785DB48}") = "Rememba.Windows.Shared", "Rememba.Windows\Rememba.Windows.Shared\Rememba.Windows.Shared.shproj", "{E0B21E42-252F-4E41-9532-EB7175FFC173}"
EndProject
Project("{FAE04EC0-301F-11D3-BF4B-00C04F79EFBC}") = "Rememba.Windows.Windows", "Rememba.Windows\Rememba.Windows.Windows\Rememba.Windows.Windows.csproj", "{ACFCF5A6-0E47-49CB-B725-1BB207EB3DA4}"
EndProject
Project("{FAE04EC0-301F-11D3-BF4B-00C04F79EFBC}") = "Rememba.Windows.WindowsPhone", "Rememba.Windows\Rememba.Windows.WindowsPhone\Rememba.Windows.WindowsPhone.csproj", "{32CCF5D6-23D5-4935-BB2D-BFC4A16F999B}"
EndProject
Project("{2150E333-8FDC-42A3-9474-1A3956D46DE8}") = ".nuget", ".nuget", "{2CAED5DD-672A-4BFF-A0A7-F71420D880AD}"
	ProjectSection(SolutionItems) = preProject
		.nuget\NuGet.Config = .nuget\NuGet.Config
		.nuget\NuGet.exe = .nuget\NuGet.exe
		.nuget\NuGet.targets = .nuget\NuGet.targets
	EndProjectSection
EndProject
Global
	GlobalSection(SharedMSBuildProjectFiles) = preSolution
		Rememba.Windows\Rememba.Windows.Shared\Rememba.Windows.Shared.projitems*{32ccf5d6-23d5-4935-bb2d-bfc4a16f999b}*SharedItemsImports = 4
		Rememba.Windows\Rememba.Windows.Shared\Rememba.Windows.Shared.projitems*{acfcf5a6-0e47-49cb-b725-1bb207eb3da4}*SharedItemsImports = 4
		Rememba.Windows\Rememba.Windows.Shared\Rememba.Windows.Shared.projitems*{e0b21e42-252f-4e41-9532-eb7175ffc173}*SharedItemsImports = 13
	EndGlobalSection
	GlobalSection(SolutionConfigurationPlatforms) = preSolution
		Debug|Any CPU = Debug|Any CPU
		Debug|ARM = Debug|ARM
		Debug|Win32 = Debug|Win32
		Debug|x64 = Debug|x64
		Debug|x86 = Debug|x86
		Release|Any CPU = Release|Any CPU
		Release|ARM = Release|ARM
		Release|Win32 = Release|Win32
		Release|x64 = Release|x64
		Release|x86 = Release|x86
	EndGlobalSection
	GlobalSection(ProjectConfigurationPlatforms) = postSolution
		{81AFD6AC-5387-4803-B468-A69A5C5C553B}.Debug|Any CPU.ActiveCfg = Debug|Any CPU
		{81AFD6AC-5387-4803-B468-A69A5C5C553B}.Debug|Any CPU.Build.0 = Debug|Any CPU
		{81AFD6AC-5387-4803-B468-A69A5C5C553B}.Debug|ARM.ActiveCfg = Debug|Any CPU
		{81AFD6AC-5387-4803-B468-A69A5C5C553B}.Debug|Win32.ActiveCfg = Debug|Any CPU
		{81AFD6AC-5387-4803-B468-A69A5C5C553B}.Debug|x64.ActiveCfg = Debug|Any CPU
		{81AFD6AC-5387-4803-B468-A69A5C5C553B}.Debug|x86.ActiveCfg = Debug|Any CPU
		{81AFD6AC-5387-4803-B468-A69A5C5C553B}.Release|Any CPU.ActiveCfg = Release|Any CPU
		{81AFD6AC-5387-4803-B468-A69A5C5C553B}.Release|Any CPU.Build.0 = Release|Any CPU
		{81AFD6AC-5387-4803-B468-A69A5C5C553B}.Release|ARM.ActiveCfg = Release|Any CPU
		{81AFD6AC-5387-4803-B468-A69A5C5C553B}.Release|Win32.ActiveCfg = Release|Any CPU
		{81AFD6AC-5387-4803-B468-A69A5C5C553B}.Release|x64.ActiveCfg = Release|Any CPU
		{81AFD6AC-5387-4803-B468-A69A5C5C553B}.Release|x86.ActiveCfg = Release|Any CPU
		{24F3F5D6-44E7-46AE-81FA-96A829587AE9}.Debug|Any CPU.ActiveCfg = Debug|Any CPU
		{24F3F5D6-44E7-46AE-81FA-96A829587AE9}.Debug|Any CPU.Build.0 = Debug|Any CPU
		{24F3F5D6-44E7-46AE-81FA-96A829587AE9}.Debug|ARM.ActiveCfg = Debug|Any CPU
		{24F3F5D6-44E7-46AE-81FA-96A829587AE9}.Debug|Win32.ActiveCfg = Debug|Any CPU
		{24F3F5D6-44E7-46AE-81FA-96A829587AE9}.Debug|x64.ActiveCfg = Debug|Any CPU
		{24F3F5D6-44E7-46AE-81FA-96A829587AE9}.Debug|x86.ActiveCfg = Debug|Any CPU
		{24F3F5D6-44E7-46AE-81FA-96A829587AE9}.Release|Any CPU.ActiveCfg = Release|Any CPU
		{24F3F5D6-44E7-46AE-81FA-96A829587AE9}.Release|Any CPU.Build.0 = Release|Any CPU
		{24F3F5D6-44E7-46AE-81FA-96A829587AE9}.Release|ARM.ActiveCfg = Release|Any CPU
		{24F3F5D6-44E7-46AE-81FA-96A829587AE9}.Release|Win32.ActiveCfg = Release|Any CPU
		{24F3F5D6-44E7-46AE-81FA-96A829587AE9}.Release|x64.ActiveCfg = Release|Any CPU
		{24F3F5D6-44E7-46AE-81FA-96A829587AE9}.Release|x86.ActiveCfg = Release|Any CPU
		{6AAC1823-84AC-4266-BF49-C89D78B8C547}.Debug|Any CPU.ActiveCfg = Debug|Any CPU
		{6AAC1823-84AC-4266-BF49-C89D78B8C547}.Debug|Any CPU.Build.0 = Debug|Any CPU
		{6AAC1823-84AC-4266-BF49-C89D78B8C547}.Debug|ARM.ActiveCfg = Debug|Any CPU
		{6AAC1823-84AC-4266-BF49-C89D78B8C547}.Debug|Win32.ActiveCfg = Debug|Any CPU
		{6AAC1823-84AC-4266-BF49-C89D78B8C547}.Debug|x64.ActiveCfg = Debug|Any CPU
		{6AAC1823-84AC-4266-BF49-C89D78B8C547}.Debug|x86.ActiveCfg = Debug|Any CPU
		{6AAC1823-84AC-4266-BF49-C89D78B8C547}.Release|Any CPU.ActiveCfg = Release|Any CPU
		{6AAC1823-84AC-4266-BF49-C89D78B8C547}.Release|Any CPU.Build.0 = Release|Any CPU
		{6AAC1823-84AC-4266-BF49-C89D78B8C547}.Release|ARM.ActiveCfg = Release|Any CPU
		{6AAC1823-84AC-4266-BF49-C89D78B8C547}.Release|Win32.ActiveCfg = Release|Any CPU
		{6AAC1823-84AC-4266-BF49-C89D78B8C547}.Release|x64.ActiveCfg = Release|Any CPU
		{6AAC1823-84AC-4266-BF49-C89D78B8C547}.Release|x86.ActiveCfg = Release|Any CPU
		{76583DFB-B242-4F57-817B-E9A8DBAA3DD4}.Debug|Any CPU.ActiveCfg = Debug|Any CPU
		{76583DFB-B242-4F57-817B-E9A8DBAA3DD4}.Debug|Any CPU.Build.0 = Debug|Any CPU
		{76583DFB-B242-4F57-817B-E9A8DBAA3DD4}.Debug|ARM.ActiveCfg = Debug|Any CPU
		{76583DFB-B242-4F57-817B-E9A8DBAA3DD4}.Debug|Win32.ActiveCfg = Debug|Any CPU
		{76583DFB-B242-4F57-817B-E9A8DBAA3DD4}.Debug|x64.ActiveCfg = Debug|Any CPU
		{76583DFB-B242-4F57-817B-E9A8DBAA3DD4}.Debug|x86.ActiveCfg = Debug|Any CPU
		{76583DFB-B242-4F57-817B-E9A8DBAA3DD4}.Release|Any CPU.ActiveCfg = Release|Any CPU
		{76583DFB-B242-4F57-817B-E9A8DBAA3DD4}.Release|Any CPU.Build.0 = Release|Any CPU
		{76583DFB-B242-4F57-817B-E9A8DBAA3DD4}.Release|ARM.ActiveCfg = Release|Any CPU
		{76583DFB-B242-4F57-817B-E9A8DBAA3DD4}.Release|Win32.ActiveCfg = Release|Any CPU
		{76583DFB-B242-4F57-817B-E9A8DBAA3DD4}.Release|x64.ActiveCfg = Release|Any CPU
		{76583DFB-B242-4F57-817B-E9A8DBAA3DD4}.Release|x86.ActiveCfg = Release|Any CPU
		{C8FB71D7-34C6-400C-968A-7F29F3EA1074}.Debug|Any CPU.ActiveCfg = Debug|Any CPU
		{C8FB71D7-34C6-400C-968A-7F29F3EA1074}.Debug|Any CPU.Build.0 = Debug|Any CPU
		{C8FB71D7-34C6-400C-968A-7F29F3EA1074}.Debug|ARM.ActiveCfg = Debug|Any CPU
		{C8FB71D7-34C6-400C-968A-7F29F3EA1074}.Debug|Win32.ActiveCfg = Debug|Any CPU
		{C8FB71D7-34C6-400C-968A-7F29F3EA1074}.Debug|x64.ActiveCfg = Debug|Any CPU
		{C8FB71D7-34C6-400C-968A-7F29F3EA1074}.Debug|x86.ActiveCfg = Debug|Any CPU
		{C8FB71D7-34C6-400C-968A-7F29F3EA1074}.Release|Any CPU.ActiveCfg = Release|Any CPU
		{C8FB71D7-34C6-400C-968A-7F29F3EA1074}.Release|Any CPU.Build.0 = Release|Any CPU
		{C8FB71D7-34C6-400C-968A-7F29F3EA1074}.Release|ARM.ActiveCfg = Release|Any CPU
		{C8FB71D7-34C6-400C-968A-7F29F3EA1074}.Release|Win32.ActiveCfg = Release|Any CPU
		{C8FB71D7-34C6-400C-968A-7F29F3EA1074}.Release|x64.ActiveCfg = Release|Any CPU
		{C8FB71D7-34C6-400C-968A-7F29F3EA1074}.Release|x86.ActiveCfg = Release|Any CPU
		{4B06AE92-F502-4069-B2B1-EA1176917078}.Debug|Any CPU.ActiveCfg = Debug|Any CPU
		{4B06AE92-F502-4069-B2B1-EA1176917078}.Debug|Any CPU.Build.0 = Debug|Any CPU
		{4B06AE92-F502-4069-B2B1-EA1176917078}.Debug|ARM.ActiveCfg = Debug|Any CPU
		{4B06AE92-F502-4069-B2B1-EA1176917078}.Debug|Win32.ActiveCfg = Debug|Any CPU
		{4B06AE92-F502-4069-B2B1-EA1176917078}.Debug|x64.ActiveCfg = Debug|Any CPU
		{4B06AE92-F502-4069-B2B1-EA1176917078}.Debug|x86.ActiveCfg = Debug|Any CPU
		{4B06AE92-F502-4069-B2B1-EA1176917078}.Release|Any CPU.ActiveCfg = Release|Any CPU
		{4B06AE92-F502-4069-B2B1-EA1176917078}.Release|Any CPU.Build.0 = Release|Any CPU
		{4B06AE92-F502-4069-B2B1-EA1176917078}.Release|ARM.ActiveCfg = Release|Any CPU
		{4B06AE92-F502-4069-B2B1-EA1176917078}.Release|Win32.ActiveCfg = Release|Any CPU
		{4B06AE92-F502-4069-B2B1-EA1176917078}.Release|x64.ActiveCfg = Release|Any CPU
		{4B06AE92-F502-4069-B2B1-EA1176917078}.Release|x86.ActiveCfg = Release|Any CPU
		{0F3509C3-79BA-47CF-9580-E7E39F449D59}.Debug|Any CPU.ActiveCfg = Debug|Any CPU
		{0F3509C3-79BA-47CF-9580-E7E39F449D59}.Debug|Any CPU.Build.0 = Debug|Any CPU
		{0F3509C3-79BA-47CF-9580-E7E39F449D59}.Debug|ARM.ActiveCfg = Debug|Any CPU
		{0F3509C3-79BA-47CF-9580-E7E39F449D59}.Debug|Win32.ActiveCfg = Debug|Any CPU
		{0F3509C3-79BA-47CF-9580-E7E39F449D59}.Debug|x64.ActiveCfg = Debug|Any CPU
		{0F3509C3-79BA-47CF-9580-E7E39F449D59}.Debug|x86.ActiveCfg = Debug|Any CPU
		{0F3509C3-79BA-47CF-9580-E7E39F449D59}.Release|Any CPU.ActiveCfg = Release|Any CPU
		{0F3509C3-79BA-47CF-9580-E7E39F449D59}.Release|Any CPU.Build.0 = Release|Any CPU
		{0F3509C3-79BA-47CF-9580-E7E39F449D59}.Release|ARM.ActiveCfg = Release|Any CPU
		{0F3509C3-79BA-47CF-9580-E7E39F449D59}.Release|Win32.ActiveCfg = Release|Any CPU
		{0F3509C3-79BA-47CF-9580-E7E39F449D59}.Release|x64.ActiveCfg = Release|Any CPU
		{0F3509C3-79BA-47CF-9580-E7E39F449D59}.Release|x86.ActiveCfg = Release|Any CPU
		{6E87464B-B064-40CA-8161-7C18C337ADFF}.Debug|Any CPU.ActiveCfg = Debug|Any CPU
		{6E87464B-B064-40CA-8161-7C18C337ADFF}.Debug|Any CPU.Build.0 = Debug|Any CPU
		{6E87464B-B064-40CA-8161-7C18C337ADFF}.Debug|ARM.ActiveCfg = Debug|ARM
		{6E87464B-B064-40CA-8161-7C18C337ADFF}.Debug|ARM.Build.0 = Debug|ARM
		{6E87464B-B064-40CA-8161-7C18C337ADFF}.Debug|Win32.ActiveCfg = Debug|Win32
		{6E87464B-B064-40CA-8161-7C18C337ADFF}.Debug|Win32.Build.0 = Debug|Win32
		{6E87464B-B064-40CA-8161-7C18C337ADFF}.Debug|x64.ActiveCfg = Debug|x64
		{6E87464B-B064-40CA-8161-7C18C337ADFF}.Debug|x64.Build.0 = Debug|x64
		{6E87464B-B064-40CA-8161-7C18C337ADFF}.Debug|x86.ActiveCfg = Debug|x86
		{6E87464B-B064-40CA-8161-7C18C337ADFF}.Debug|x86.Build.0 = Debug|x86
		{6E87464B-B064-40CA-8161-7C18C337ADFF}.Release|Any CPU.ActiveCfg = Release|Any CPU
		{6E87464B-B064-40CA-8161-7C18C337ADFF}.Release|Any CPU.Build.0 = Release|Any CPU
		{6E87464B-B064-40CA-8161-7C18C337ADFF}.Release|ARM.ActiveCfg = Release|ARM
		{6E87464B-B064-40CA-8161-7C18C337ADFF}.Release|ARM.Build.0 = Release|ARM
		{6E87464B-B064-40CA-8161-7C18C337ADFF}.Release|Win32.ActiveCfg = Release|Win32
		{6E87464B-B064-40CA-8161-7C18C337ADFF}.Release|Win32.Build.0 = Release|Win32
		{6E87464B-B064-40CA-8161-7C18C337ADFF}.Release|x64.ActiveCfg = Release|x64
		{6E87464B-B064-40CA-8161-7C18C337ADFF}.Release|x64.Build.0 = Release|x64
		{6E87464B-B064-40CA-8161-7C18C337ADFF}.Release|x86.ActiveCfg = Release|x86
		{6E87464B-B064-40CA-8161-7C18C337ADFF}.Release|x86.Build.0 = Release|x86
		{ACFCF5A6-0E47-49CB-B725-1BB207EB3DA4}.Debug|Any CPU.ActiveCfg = Debug|Any CPU
		{ACFCF5A6-0E47-49CB-B725-1BB207EB3DA4}.Debug|Any CPU.Build.0 = Debug|Any CPU
		{ACFCF5A6-0E47-49CB-B725-1BB207EB3DA4}.Debug|Any CPU.Deploy.0 = Debug|Any CPU
		{ACFCF5A6-0E47-49CB-B725-1BB207EB3DA4}.Debug|ARM.ActiveCfg = Debug|ARM
		{ACFCF5A6-0E47-49CB-B725-1BB207EB3DA4}.Debug|ARM.Build.0 = Debug|ARM
		{ACFCF5A6-0E47-49CB-B725-1BB207EB3DA4}.Debug|ARM.Deploy.0 = Debug|ARM
		{ACFCF5A6-0E47-49CB-B725-1BB207EB3DA4}.Debug|Win32.ActiveCfg = Debug|x86
		{ACFCF5A6-0E47-49CB-B725-1BB207EB3DA4}.Debug|Win32.Build.0 = Debug|x86
		{ACFCF5A6-0E47-49CB-B725-1BB207EB3DA4}.Debug|Win32.Deploy.0 = Debug|x86
		{ACFCF5A6-0E47-49CB-B725-1BB207EB3DA4}.Debug|x64.ActiveCfg = Debug|x64
		{ACFCF5A6-0E47-49CB-B725-1BB207EB3DA4}.Debug|x64.Build.0 = Debug|x64
		{ACFCF5A6-0E47-49CB-B725-1BB207EB3DA4}.Debug|x64.Deploy.0 = Debug|x64
		{ACFCF5A6-0E47-49CB-B725-1BB207EB3DA4}.Debug|x86.ActiveCfg = Debug|x86
		{ACFCF5A6-0E47-49CB-B725-1BB207EB3DA4}.Debug|x86.Build.0 = Debug|x86
		{ACFCF5A6-0E47-49CB-B725-1BB207EB3DA4}.Debug|x86.Deploy.0 = Debug|x86
		{ACFCF5A6-0E47-49CB-B725-1BB207EB3DA4}.Release|Any CPU.ActiveCfg = Release|Any CPU
		{ACFCF5A6-0E47-49CB-B725-1BB207EB3DA4}.Release|Any CPU.Build.0 = Release|Any CPU
		{ACFCF5A6-0E47-49CB-B725-1BB207EB3DA4}.Release|Any CPU.Deploy.0 = Release|Any CPU
		{ACFCF5A6-0E47-49CB-B725-1BB207EB3DA4}.Release|ARM.ActiveCfg = Release|ARM
		{ACFCF5A6-0E47-49CB-B725-1BB207EB3DA4}.Release|ARM.Build.0 = Release|ARM
		{ACFCF5A6-0E47-49CB-B725-1BB207EB3DA4}.Release|ARM.Deploy.0 = Release|ARM
		{ACFCF5A6-0E47-49CB-B725-1BB207EB3DA4}.Release|Win32.ActiveCfg = Release|x86
		{ACFCF5A6-0E47-49CB-B725-1BB207EB3DA4}.Release|Win32.Build.0 = Release|x86
		{ACFCF5A6-0E47-49CB-B725-1BB207EB3DA4}.Release|Win32.Deploy.0 = Release|x86
		{ACFCF5A6-0E47-49CB-B725-1BB207EB3DA4}.Release|x64.ActiveCfg = Release|x64
		{ACFCF5A6-0E47-49CB-B725-1BB207EB3DA4}.Release|x64.Build.0 = Release|x64
		{ACFCF5A6-0E47-49CB-B725-1BB207EB3DA4}.Release|x64.Deploy.0 = Release|x64
		{ACFCF5A6-0E47-49CB-B725-1BB207EB3DA4}.Release|x86.ActiveCfg = Release|x86
		{ACFCF5A6-0E47-49CB-B725-1BB207EB3DA4}.Release|x86.Build.0 = Release|x86
		{ACFCF5A6-0E47-49CB-B725-1BB207EB3DA4}.Release|x86.Deploy.0 = Release|x86
		{32CCF5D6-23D5-4935-BB2D-BFC4A16F999B}.Debug|Any CPU.ActiveCfg = Debug|Any CPU
		{32CCF5D6-23D5-4935-BB2D-BFC4A16F999B}.Debug|Any CPU.Build.0 = Debug|Any CPU
		{32CCF5D6-23D5-4935-BB2D-BFC4A16F999B}.Debug|Any CPU.Deploy.0 = Debug|Any CPU
		{32CCF5D6-23D5-4935-BB2D-BFC4A16F999B}.Debug|ARM.ActiveCfg = Debug|ARM
		{32CCF5D6-23D5-4935-BB2D-BFC4A16F999B}.Debug|ARM.Build.0 = Debug|ARM
		{32CCF5D6-23D5-4935-BB2D-BFC4A16F999B}.Debug|ARM.Deploy.0 = Debug|ARM
		{32CCF5D6-23D5-4935-BB2D-BFC4A16F999B}.Debug|Win32.ActiveCfg = Debug|x86
		{32CCF5D6-23D5-4935-BB2D-BFC4A16F999B}.Debug|Win32.Build.0 = Debug|x86
		{32CCF5D6-23D5-4935-BB2D-BFC4A16F999B}.Debug|Win32.Deploy.0 = Debug|x86
		{32CCF5D6-23D5-4935-BB2D-BFC4A16F999B}.Debug|x64.ActiveCfg = Debug|Any CPU
		{32CCF5D6-23D5-4935-BB2D-BFC4A16F999B}.Debug|x86.ActiveCfg = Debug|x86
		{32CCF5D6-23D5-4935-BB2D-BFC4A16F999B}.Debug|x86.Build.0 = Debug|x86
		{32CCF5D6-23D5-4935-BB2D-BFC4A16F999B}.Debug|x86.Deploy.0 = Debug|x86
		{32CCF5D6-23D5-4935-BB2D-BFC4A16F999B}.Release|Any CPU.ActiveCfg = Release|Any CPU
		{32CCF5D6-23D5-4935-BB2D-BFC4A16F999B}.Release|Any CPU.Build.0 = Release|Any CPU
		{32CCF5D6-23D5-4935-BB2D-BFC4A16F999B}.Release|Any CPU.Deploy.0 = Release|Any CPU
		{32CCF5D6-23D5-4935-BB2D-BFC4A16F999B}.Release|ARM.ActiveCfg = Release|ARM
		{32CCF5D6-23D5-4935-BB2D-BFC4A16F999B}.Release|ARM.Build.0 = Release|ARM
		{32CCF5D6-23D5-4935-BB2D-BFC4A16F999B}.Release|ARM.Deploy.0 = Release|ARM
		{32CCF5D6-23D5-4935-BB2D-BFC4A16F999B}.Release|Win32.ActiveCfg = Release|x86
		{32CCF5D6-23D5-4935-BB2D-BFC4A16F999B}.Release|Win32.Build.0 = Release|x86
		{32CCF5D6-23D5-4935-BB2D-BFC4A16F999B}.Release|Win32.Deploy.0 = Release|x86
		{32CCF5D6-23D5-4935-BB2D-BFC4A16F999B}.Release|x64.ActiveCfg = Release|Any CPU
		{32CCF5D6-23D5-4935-BB2D-BFC4A16F999B}.Release|x86.ActiveCfg = Release|x86
		{32CCF5D6-23D5-4935-BB2D-BFC4A16F999B}.Release|x86.Build.0 = Release|x86
		{32CCF5D6-23D5-4935-BB2D-BFC4A16F999B}.Release|x86.Deploy.0 = Release|x86
	EndGlobalSection
	GlobalSection(SolutionProperties) = preSolution
		HideSolutionNode = FALSE
	EndGlobalSection
	GlobalSection(NestedProjects) = preSolution
		{81AFD6AC-5387-4803-B468-A69A5C5C553B} = {2B7202BB-0938-4BB7-88DE-1121353C0576}
		{24F3F5D6-44E7-46AE-81FA-96A829587AE9} = {2B7202BB-0938-4BB7-88DE-1121353C0576}
		{6AAC1823-84AC-4266-BF49-C89D78B8C547} = {2B7202BB-0938-4BB7-88DE-1121353C0576}
		{76583DFB-B242-4F57-817B-E9A8DBAA3DD4} = {2B7202BB-0938-4BB7-88DE-1121353C0576}
		{C8FB71D7-34C6-400C-968A-7F29F3EA1074} = {2B7202BB-0938-4BB7-88DE-1121353C0576}
		{4B06AE92-F502-4069-B2B1-EA1176917078} = {2B7202BB-0938-4BB7-88DE-1121353C0576}
		{0F3509C3-79BA-47CF-9580-E7E39F449D59} = {2B7202BB-0938-4BB7-88DE-1121353C0576}
		{1F1BA2E3-BB4F-45A1-B6F7-BCCAD14FC501} = {2B7202BB-0938-4BB7-88DE-1121353C0576}
		{E0B21E42-252F-4E41-9532-EB7175FFC173} = {1F1BA2E3-BB4F-45A1-B6F7-BCCAD14FC501}
		{ACFCF5A6-0E47-49CB-B725-1BB207EB3DA4} = {1F1BA2E3-BB4F-45A1-B6F7-BCCAD14FC501}
		{32CCF5D6-23D5-4935-BB2D-BFC4A16F999B} = {1F1BA2E3-BB4F-45A1-B6F7-BCCAD14FC501}
	EndGlobalSection
EndGlobal
